// !$*UTF8*$!
{
	archiveVersion = 1;
	classes = {
	};
	objectVersion = 46;
	objects = {

/* Begin PBXBuildFile section */
		8F150F3715B1559D00EE1B9C /* UIKit.framework in Frameworks */ = {isa = PBXBuildFile; fileRef = 8F150F3615B1559D00EE1B9C /* UIKit.framework */; };
		8F150F3915B1559D00EE1B9C /* Foundation.framework in Frameworks */ = {isa = PBXBuildFile; fileRef = 8F150F3815B1559D00EE1B9C /* Foundation.framework */; };
		8F150F3B15B1559D00EE1B9C /* CoreGraphics.framework in Frameworks */ = {isa = PBXBuildFile; fileRef = 8F150F3A15B1559D00EE1B9C /* CoreGraphics.framework */; };
		8F150F5A15B1586B00EE1B9C /* HHPanningTableViewCell.m in Sources */ = {isa = PBXBuildFile; fileRef = 8F150F5915B1586A00EE1B9C /* HHPanningTableViewCell.m */; };
		8F3F12BB15B56854002B8762 /* HHInnerShadowView.m in Sources */ = {isa = PBXBuildFile; fileRef = 8F3F12BA15B56854002B8762 /* HHInnerShadowView.m */; };
		8F6D1C1D15B3392900706C97 /* HHDirectionPanGestureRecognizer.m in Sources */ = {isa = PBXBuildFile; fileRef = 8F6D1C1C15B3392900706C97 /* HHDirectionPanGestureRecognizer.m */; };
		8FC0367C15B4477900EE4AFA /* QuartzCore.framework in Frameworks */ = {isa = PBXBuildFile; fileRef = 8FC0367B15B4477900EE4AFA /* QuartzCore.framework */; };
		8FE57C0B173FCF5000718EFE /* AppDelegate.m in Sources */ = {isa = PBXBuildFile; fileRef = 8FE57C07173FCF5000718EFE /* AppDelegate.m */; };
		8FE57C0C173FCF5000718EFE /* TableViewController.m in Sources */ = {isa = PBXBuildFile; fileRef = 8FE57C09173FCF5000718EFE /* TableViewController.m */; };
		8FE57C0D173FCF5000718EFE /* TableViewController.xib in Resources */ = {isa = PBXBuildFile; fileRef = 8FE57C0A173FCF5000718EFE /* TableViewController.xib */; };
		8FE57C13173FCF6000718EFE /* InfoPlist.strings in Resources */ = {isa = PBXBuildFile; fileRef = 8FE57C0E173FCF6000718EFE /* InfoPlist.strings */; };
		8FE57C15173FCF6000718EFE /* main.m in Sources */ = {isa = PBXBuildFile; fileRef = 8FE57C12173FCF6000718EFE /* main.m */; };
		8FE57C2E1740123000718EFE /* Default-568h@2x.png in Resources */ = {isa = PBXBuildFile; fileRef = 8FE57C2D1740123000718EFE /* Default-568h@2x.png */; };
/* End PBXBuildFile section */

/* Begin PBXFileReference section */
		8F150F3215B1559D00EE1B9C /* HHPanningTableViewCell.app */ = {isa = PBXFileReference; explicitFileType = wrapper.application; includeInIndex = 0; path = HHPanningTableViewCell.app; sourceTree = BUILT_PRODUCTS_DIR; };
		8F150F3615B1559D00EE1B9C /* UIKit.framework */ = {isa = PBXFileReference; lastKnownFileType = wrapper.framework; name = UIKit.framework; path = System/Library/Frameworks/UIKit.framework; sourceTree = SDKROOT; };
		8F150F3815B1559D00EE1B9C /* Foundation.framework */ = {isa = PBXFileReference; lastKnownFileType = wrapper.framework; name = Foundation.framework; path = System/Library/Frameworks/Foundation.framework; sourceTree = SDKROOT; };
		8F150F3A15B1559D00EE1B9C /* CoreGraphics.framework */ = {isa = PBXFileReference; lastKnownFileType = wrapper.framework; name = CoreGraphics.framework; path = System/Library/Frameworks/CoreGraphics.framework; sourceTree = SDKROOT; };
		8F150F5815B1586A00EE1B9C /* HHPanningTableViewCell.h */ = {isa = PBXFileReference; fileEncoding = 4; lastKnownFileType = sourcecode.c.h; path = HHPanningTableViewCell.h; sourceTree = "<group>"; };
		8F150F5915B1586A00EE1B9C /* HHPanningTableViewCell.m */ = {isa = PBXFileReference; fileEncoding = 4; lastKnownFileType = sourcecode.c.objc; path = HHPanningTableViewCell.m; sourceTree = "<group>"; };
		8F3F12B915B56854002B8762 /* HHInnerShadowView.h */ = {isa = PBXFileReference; fileEncoding = 4; lastKnownFileType = sourcecode.c.h; path = HHInnerShadowView.h; sourceTree = "<group>"; };
		8F3F12BA15B56854002B8762 /* HHInnerShadowView.m */ = {isa = PBXFileReference; fileEncoding = 4; lastKnownFileType = sourcecode.c.objc; path = HHInnerShadowView.m; sourceTree = "<group>"; };
		8F6D1C1B15B3392900706C97 /* HHDirectionPanGestureRecognizer.h */ = {isa = PBXFileReference; fileEncoding = 4; lastKnownFileType = sourcecode.c.h; path = HHDirectionPanGestureRecognizer.h; sourceTree = "<group>"; };
		8F6D1C1C15B3392900706C97 /* HHDirectionPanGestureRecognizer.m */ = {isa = PBXFileReference; fileEncoding = 4; lastKnownFileType = sourcecode.c.objc; path = HHDirectionPanGestureRecognizer.m; sourceTree = "<group>"; };
		8FC0367B15B4477900EE4AFA /* QuartzCore.framework */ = {isa = PBXFileReference; lastKnownFileType = wrapper.framework; name = QuartzCore.framework; path = System/Library/Frameworks/QuartzCore.framework; sourceTree = SDKROOT; };
		8FE57C06173FCF5000718EFE /* AppDelegate.h */ = {isa = PBXFileReference; fileEncoding = 4; lastKnownFileType = sourcecode.c.h; name = AppDelegate.h; path = "Demo App/AppDelegate.h"; sourceTree = "<group>"; };
		8FE57C07173FCF5000718EFE /* AppDelegate.m */ = {isa = PBXFileReference; fileEncoding = 4; lastKnownFileType = sourcecode.c.objc; name = AppDelegate.m; path = "Demo App/AppDelegate.m"; sourceTree = "<group>"; };
		8FE57C08173FCF5000718EFE /* TableViewController.h */ = {isa = PBXFileReference; fileEncoding = 4; lastKnownFileType = sourcecode.c.h; name = TableViewController.h; path = "Demo App/TableViewController.h"; sourceTree = "<group>"; };
		8FE57C09173FCF5000718EFE /* TableViewController.m */ = {isa = PBXFileReference; fileEncoding = 4; lastKnownFileType = sourcecode.c.objc; name = TableViewController.m; path = "Demo App/TableViewController.m"; sourceTree = "<group>"; };
		8FE57C0A173FCF5000718EFE /* TableViewController.xib */ = {isa = PBXFileReference; fileEncoding = 4; lastKnownFileType = file.xib; name = TableViewController.xib; path = "Demo App/TableViewController.xib"; sourceTree = "<group>"; };
		8FE57C0F173FCF6000718EFE /* en */ = {isa = PBXFileReference; lastKnownFileType = text.plist.strings; name = en; path = "Demo App/en.lproj/InfoPlist.strings"; sourceTree = SOURCE_ROOT; };
		8FE57C10173FCF6000718EFE /* HHPanningTableViewCell-Info.plist */ = {isa = PBXFileReference; fileEncoding = 4; lastKnownFileType = text.plist.xml; name = "HHPanningTableViewCell-Info.plist"; path = "Demo App/HHPanningTableViewCell-Info.plist"; sourceTree = SOURCE_ROOT; };
		8FE57C11173FCF6000718EFE /* HHPanningTableViewCell-Prefix.pch */ = {isa = PBXFileReference; fileEncoding = 4; lastKnownFileType = sourcecode.c.h; name = "HHPanningTableViewCell-Prefix.pch"; path = "Demo App/HHPanningTableViewCell-Prefix.pch"; sourceTree = SOURCE_ROOT; };
		8FE57C12173FCF6000718EFE /* main.m */ = {isa = PBXFileReference; fileEncoding = 4; lastKnownFileType = sourcecode.c.objc; name = main.m; path = "Demo App/main.m"; sourceTree = SOURCE_ROOT; };
		8FE57C2D1740123000718EFE /* Default-568h@2x.png */ = {isa = PBXFileReference; lastKnownFileType = image.png; name = "Default-568h@2x.png"; path = "Demo App/Default-568h@2x.png"; sourceTree = SOURCE_ROOT; };
/* End PBXFileReference section */

/* Begin PBXFrameworksBuildPhase section */
		8F150F2F15B1559D00EE1B9C /* Frameworks */ = {
			isa = PBXFrameworksBuildPhase;
			buildActionMask = 2147483647;
			files = (
				8F150F3715B1559D00EE1B9C /* UIKit.framework in Frameworks */,
				8F150F3915B1559D00EE1B9C /* Foundation.framework in Frameworks */,
				8F150F3B15B1559D00EE1B9C /* CoreGraphics.framework in Frameworks */,
				8FC0367C15B4477900EE4AFA /* QuartzCore.framework in Frameworks */,
			);
			runOnlyForDeploymentPostprocessing = 0;
		};
/* End PBXFrameworksBuildPhase section */

/* Begin PBXGroup section */
		8F150F2715B1559D00EE1B9C = {
			isa = PBXGroup;
			children = (
				8FC0367915B438BD00EE4AFA /* Demo App */,
				8F150F3C15B1559D00EE1B9C /* HHPanningTableViewCell */,
				8F150F3515B1559D00EE1B9C /* Frameworks */,
				8F150F3315B1559D00EE1B9C /* Products */,
			);
			sourceTree = "<group>";
		};
		8F150F3315B1559D00EE1B9C /* Products */ = {
			isa = PBXGroup;
			children = (
				8F150F3215B1559D00EE1B9C /* HHPanningTableViewCell.app */,
			);
			name = Products;
			sourceTree = "<group>";
		};
		8F150F3515B1559D00EE1B9C /* Frameworks */ = {
			isa = PBXGroup;
			children = (
				8F150F3A15B1559D00EE1B9C /* CoreGraphics.framework */,
				8F150F3815B1559D00EE1B9C /* Foundation.framework */,
				8FC0367B15B4477900EE4AFA /* QuartzCore.framework */,
				8F150F3615B1559D00EE1B9C /* UIKit.framework */,
			);
			name = Frameworks;
			sourceTree = "<group>";
		};
		8F150F3C15B1559D00EE1B9C /* HHPanningTableViewCell */ = {
			isa = PBXGroup;
			children = (
				8F6D1C1B15B3392900706C97 /* HHDirectionPanGestureRecognizer.h */,
				8F6D1C1C15B3392900706C97 /* HHDirectionPanGestureRecognizer.m */,
				8F3F12B915B56854002B8762 /* HHInnerShadowView.h */,
				8F3F12BA15B56854002B8762 /* HHInnerShadowView.m */,
				8F150F5815B1586A00EE1B9C /* HHPanningTableViewCell.h */,
				8F150F5915B1586A00EE1B9C /* HHPanningTableViewCell.m */,
			);
			path = HHPanningTableViewCell;
			sourceTree = "<group>";
		};
		8F150F3D15B1559D00EE1B9C /* Supporting Files */ = {
			isa = PBXGroup;
			children = (
				8FE57C2D1740123000718EFE /* Default-568h@2x.png */,
				8FE57C10173FCF6000718EFE /* HHPanningTableViewCell-Info.plist */,
				8FE57C11173FCF6000718EFE /* HHPanningTableViewCell-Prefix.pch */,
				8FE57C0E173FCF6000718EFE /* InfoPlist.strings */,
				8FE57C12173FCF6000718EFE /* main.m */,
			);
			name = "Supporting Files";
			path = HHPanningTableViewCell;
			sourceTree = "<group>";
		};
		8FC0367915B438BD00EE4AFA /* Demo App */ = {
			isa = PBXGroup;
			children = (
				8FE57C06173FCF5000718EFE /* AppDelegate.h */,
				8FE57C07173FCF5000718EFE /* AppDelegate.m */,
				8F150F3D15B1559D00EE1B9C /* Supporting Files */,
				8FE57C08173FCF5000718EFE /* TableViewController.h */,
				8FE57C09173FCF5000718EFE /* TableViewController.m */,
				8FE57C0A173FCF5000718EFE /* TableViewController.xib */,
			);
			name = "Demo App";
			sourceTree = "<group>";
		};
/* End PBXGroup section */

/* Begin PBXNativeTarget section */
		8F150F3115B1559D00EE1B9C /* HHPanningTableViewCell */ = {
			isa = PBXNativeTarget;
			buildConfigurationList = 8F150F5015B1559D00EE1B9C /* Build configuration list for PBXNativeTarget "HHPanningTableViewCell" */;
			buildPhases = (
				8F150F2E15B1559D00EE1B9C /* Sources */,
				8F150F2F15B1559D00EE1B9C /* Frameworks */,
				8F150F3015B1559D00EE1B9C /* Resources */,
			);
			buildRules = (
			);
			dependencies = (
			);
			name = HHPanningTableViewCell;
			productName = HHPanningTableViewCell;
			productReference = 8F150F3215B1559D00EE1B9C /* HHPanningTableViewCell.app */;
			productType = "com.apple.product-type.application";
		};
/* End PBXNativeTarget section */

/* Begin PBXProject section */
		8F150F2915B1559D00EE1B9C /* Project object */ = {
			isa = PBXProject;
			attributes = {
				CLASSPREFIX = HH;
				LastUpgradeCheck = 0500;
				ORGANIZATIONNAME = "Pierre Bernard";
			};
			buildConfigurationList = 8F150F2C15B1559D00EE1B9C /* Build configuration list for PBXProject "HHPanningTableViewCell" */;
			compatibilityVersion = "Xcode 3.2";
			developmentRegion = English;
			hasScannedForEncodings = 0;
			knownRegions = (
				en,
			);
			mainGroup = 8F150F2715B1559D00EE1B9C;
			productRefGroup = 8F150F3315B1559D00EE1B9C /* Products */;
			projectDirPath = "";
			projectRoot = "";
			targets = (
				8F150F3115B1559D00EE1B9C /* HHPanningTableViewCell */,
			);
		};
/* End PBXProject section */

/* Begin PBXResourcesBuildPhase section */
		8F150F3015B1559D00EE1B9C /* Resources */ = {
			isa = PBXResourcesBuildPhase;
			buildActionMask = 2147483647;
			files = (
				8FE57C0D173FCF5000718EFE /* TableViewController.xib in Resources */,
				8FE57C13173FCF6000718EFE /* InfoPlist.strings in Resources */,
				8FE57C2E1740123000718EFE /* Default-568h@2x.png in Resources */,
			);
			runOnlyForDeploymentPostprocessing = 0;
		};
/* End PBXResourcesBuildPhase section */

/* Begin PBXSourcesBuildPhase section */
		8F150F2E15B1559D00EE1B9C /* Sources */ = {
			isa = PBXSourcesBuildPhase;
			buildActionMask = 2147483647;
			files = (
				8F150F5A15B1586B00EE1B9C /* HHPanningTableViewCell.m in Sources */,
				8F6D1C1D15B3392900706C97 /* HHDirectionPanGestureRecognizer.m in Sources */,
				8F3F12BB15B56854002B8762 /* HHInnerShadowView.m in Sources */,
				8FE57C0B173FCF5000718EFE /* AppDelegate.m in Sources */,
				8FE57C0C173FCF5000718EFE /* TableViewController.m in Sources */,
				8FE57C15173FCF6000718EFE /* main.m in Sources */,
			);
			runOnlyForDeploymentPostprocessing = 0;
		};
/* End PBXSourcesBuildPhase section */

/* Begin PBXVariantGroup section */
		8FE57C0E173FCF6000718EFE /* InfoPlist.strings */ = {
			isa = PBXVariantGroup;
			children = (
				8FE57C0F173FCF6000718EFE /* en */,
			);
			name = InfoPlist.strings;
			sourceTree = "<group>";
		};
/* End PBXVariantGroup section */

/* Begin XCBuildConfiguration section */
		8F150F4E15B1559D00EE1B9C /* Debug */ = {
			isa = XCBuildConfiguration;
			buildSettings = {
				ALWAYS_SEARCH_USER_PATHS = NO;
				CLANG_CXX_LANGUAGE_STANDARD = "gnu++0x";
				CLANG_ENABLE_OBJC_ARC = YES;
				CLANG_WARN_BOOL_CONVERSION = YES;
				CLANG_WARN_CONSTANT_CONVERSION = YES;
				CLANG_WARN_EMPTY_BODY = YES;
				CLANG_WARN_ENUM_CONVERSION = YES;
				CLANG_WARN_INT_CONVERSION = YES;
				CLANG_WARN__DUPLICATE_METHOD_MATCH = YES;
				"CODE_SIGN_IDENTITY[sdk=iphoneos*]" = "iPhone Developer";
				COPY_PHASE_STRIP = NO;
				GCC_C_LANGUAGE_STANDARD = gnu99;
				GCC_DYNAMIC_NO_PIC = NO;
				GCC_OPTIMIZATION_LEVEL = 0;
				GCC_PREPROCESSOR_DEFINITIONS = (
					"DEBUG=1",
					"$(inherited)",
				);
				GCC_SYMBOLS_PRIVATE_EXTERN = NO;
				GCC_VERSION = com.apple.compilers.llvm.clang.1_0;
				GCC_WARN_64_TO_32_BIT_CONVERSION = YES;
				GCC_WARN_ABOUT_RETURN_TYPE = YES;
				GCC_WARN_UNDECLARED_SELECTOR = YES;
				GCC_WARN_UNINITIALIZED_AUTOS = YES;
				GCC_WARN_UNUSED_FUNCTION = YES;
				GCC_WARN_UNUSED_VARIABLE = YES;
				IPHONEOS_DEPLOYMENT_TARGET = 6.1;
				ONLY_ACTIVE_ARCH = YES;
				SDKROOT = iphoneos;
			};
			name = Debug;
		};
		8F150F4F15B1559D00EE1B9C /* Release */ = {
			isa = XCBuildConfiguration;
			buildSettings = {
				ALWAYS_SEARCH_USER_PATHS = NO;
				CLANG_CXX_LANGUAGE_STANDARD = "gnu++0x";
				CLANG_ENABLE_OBJC_ARC = YES;
				CLANG_WARN_BOOL_CONVERSION = YES;
				CLANG_WARN_CONSTANT_CONVERSION = YES;
				CLANG_WARN_EMPTY_BODY = YES;
				CLANG_WARN_ENUM_CONVERSION = YES;
				CLANG_WARN_INT_CONVERSION = YES;
				CLANG_WARN__DUPLICATE_METHOD_MATCH = YES;
				"CODE_SIGN_IDENTITY[sdk=iphoneos*]" = "iPhone Developer";
				COPY_PHASE_STRIP = YES;
				GCC_C_LANGUAGE_STANDARD = gnu99;
				GCC_VERSION = com.apple.compilers.llvm.clang.1_0;
				GCC_WARN_64_TO_32_BIT_CONVERSION = YES;
				GCC_WARN_ABOUT_RETURN_TYPE = YES;
				GCC_WARN_UNDECLARED_SELECTOR = YES;
				GCC_WARN_UNINITIALIZED_AUTOS = YES;
				GCC_WARN_UNUSED_FUNCTION = YES;
				GCC_WARN_UNUSED_VARIABLE = YES;
				IPHONEOS_DEPLOYMENT_TARGET = 6.1;
				OTHER_CFLAGS = "-DNS_BLOCK_ASSERTIONS=1";
				SDKROOT = iphoneos;
				VALIDATE_PRODUCT = YES;
			};
			name = Release;
		};
		8F150F5115B1559D00EE1B9C /* Debug */ = {
			isa = XCBuildConfiguration;
			buildSettings = {
				GCC_PRECOMPILE_PREFIX_HEADER = YES;
				GCC_PREFIX_HEADER = "Demo App/HHPanningTableViewCell-Prefix.pch";
				INFOPLIST_FILE = "$(SRCROOT)/Demo App/HHPanningTableViewCell-Info.plist";
				PRODUCT_NAME = "$(TARGET_NAME)";
				WRAPPER_EXTENSION = app;
			};
			name = Debug;
		};
		8F150F5215B1559D00EE1B9C /* Release */ = {
			isa = XCBuildConfiguration;
			buildSettings = {
				GCC_PRECOMPILE_PREFIX_HEADER = YES;
				GCC_PREFIX_HEADER = "Demo App/HHPanningTableViewCell-Prefix.pch";
				INFOPLIST_FILE = "$(SRCROOT)/Demo App/HHPanningTableViewCell-Info.plist";
				PRODUCT_NAME = "$(TARGET_NAME)";
				WRAPPER_EXTENSION = app;
			};
			name = Release;
		};
/* End XCBuildConfiguration section */

/* Begin XCConfigurationList section */
		8F150F2C15B1559D00EE1B9C /* Build configuration list for PBXProject "HHPanningTableViewCell" */ = {
			isa = XCConfigurationList;
			buildConfigurations = (
				8F150F4E15B1559D00EE1B9C /* Debug */,
				8F150F4F15B1559D00EE1B9C /* Release */,
			);
			defaultConfigurationIsVisible = 0;
			defaultConfigurationName = Release;
		};
		8F150F5015B1559D00EE1B9C /* Build configuration list for PBXNativeTarget "HHPanningTableViewCell" */ = {
			isa = XCConfigurationList;
			buildConfigurations = (
				8F150F5115B1559D00EE1B9C /* Debug */,
				8F150F5215B1559D00EE1B9C /* Release */,
			);
			defaultConfigurationIsVisible = 0;
			defaultConfigurationName = Release;
		};
/* End XCConfigurationList section */
	};
	rootObject = 8F150F2915B1559D00EE1B9C /* Project object */;
}
